{
  "name": "clipi",
  "version": "1.0.0",
  "lockfileVersion": 3,
  "requires": true,
  "packages": {
    "": {
      "name": "clipi",
      "version": "1.0.0",
      "license": "ISC",
      "dependencies": {
        "simpleargumentsparser": "^2.0.0"
      }
    },
    "node_modules/simpleargumentsparser": {
      "version": "2.0.0",
      "resolved": "https://registry.npmjs.org/simpleargumentsparser/-/simpleargumentsparser-2.0.0.tgz",
      "integrity": "sha512-O9sjjX9iSkwDhF8O/ZMrbEfvKQdoukFwRXNtVcJpbzK+jrTrg1ELOwxbUFfUjuVh+hUJSIOSh9wTZDtw6+2BAw==",
      "license": "ISC"
    }
  }
}
